{
  "name": "mvt-process",
  "version": "1.0.0",
  "lockfileVersion": 1,
  "requires": true,
  "dependencies": {
    "@mapbox/point-geometry": {
      "version": "0.1.0",
      "resolved": "http://registry.npm.taobao.org/@mapbox/point-geometry/download/@mapbox/point-geometry-0.1.0.tgz",
      "integrity": "sha1-ioP5M1x4YO/6Lu7KJUMyqgru2PI=",
      "dev": true
    },
    "@mapbox/vector-tile": {
      "version": "1.3.1",
      "resolved": "http://registry.npm.taobao.org/@mapbox/vector-tile/download/@mapbox/vector-tile-1.3.1.tgz",
      "integrity": "sha1-06dMkEAtBuiexm3knsgX/1NAlmY=",
      "dev": true,
      "requires": {
        "@mapbox/point-geometry": "0.1.0"
      }
    },
    "ieee754": {
      "version": "1.1.11",
      "resolved": "http://registry.npm.taobao.org/ieee754/download/ieee754-1.1.11.tgz",
      "integrity": "sha1-wWOE/+APW3g1gk5ntvK9RKUilFU=",
      "dev": true
    },
    "pbf": {
      "version": "3.1.0",
      "resolved": "http://registry.npm.taobao.org/pbf/download/pbf-3.1.0.tgz",
      "integrity": "sha1-9wAEutyygXYeq7HnbJLxefCBiek=",
      "dev": true,
      "requires": {
        "ieee754": "1.1.11",
        "resolve-protobuf-schema": "2.0.0"
      }
    },
    "protocol-buffers-schema": {
      "version": "2.2.0",
      "resolved": "http://registry.npm.taobao.org/protocol-buffers-schema/download/protocol-buffers-schema-2.2.0.tgz",
      "integrity": "sha1-0pxs1z+2VZePtpiWkRgNuEQRn2E=",
      "dev": true
    },
    "resolve-protobuf-schema": {
      "version": "2.0.0",
      "resolved": "http://registry.npm.taobao.org/resolve-protobuf-schema/download/resolve-protobuf-schema-2.0.0.tgz",
      "integrity": "sha1-5nsGKmfwLRG9aIbnDv2niEB+D7Q=",
      "dev": true,
      "requires": {
        "protocol-buffers-schema": "2.2.0"
      }
    }
  }
}
